
Microsoft Visual Studio Solution File, Format Version 12.00
# Visual Studio Version 16
VisualStudioVersion = 16.0.31402.337
MinimumVisualStudioVersion = 10.0.40219.1
Project("{FAE04EC0-301F-11D3-BF4B-00C04F79EFBC}") = "Calculatrice", "Calculatrice.csproj", "{433B5D73-0A45-4B39-BA84-E12E73599EC1}"
EndProject
Global
	GlobalSection(SolutionConfigurationPlatforms) = preSolution
		Debug|Any CPU = Debug|Any CPU
		Release|Any CPU = Release|Any CPU
		Test|Any CPU = Test|Any CPU
	EndGlobalSection
	GlobalSection(ProjectConfigurationPlatforms) = postSolution
		{433B5D73-0A45-4B39-BA84-E12E73599EC1}.Debug|Any CPU.ActiveCfg = Release|Any CPU
		{433B5D73-0A45-4B39-BA84-E12E73599EC1}.Debug|Any CPU.Build.0 = Release|Any CPU
		{433B5D73-0A45-4B39-BA84-E12E73599EC1}.Release|Any CPU.ActiveCfg = Release|Any CPU
		{433B5D73-0A45-4B39-BA84-E12E73599EC1}.Release|Any CPU.Build.0 = Release|Any CPU
		{433B5D73-0A45-4B39-BA84-E12E73599EC1}.Test|Any CPU.ActiveCfg = Test|Any CPU
		{433B5D73-0A45-4B39-BA84-E12E73599EC1}.Test|Any CPU.Build.0 = Test|Any CPU
	EndGlobalSection
	GlobalSection(SolutionProperties) = preSolution
		HideSolutionNode = FALSE
	EndGlobalSection
	GlobalSection(ExtensibilityGlobals) = postSolution
		SolutionGuid = {8385BD5A-F441-41DF-A89D-6E8DFBDD16F3}
	EndGlobalSection
EndGlobal
